
Microsoft Visual Studio Solution File, Format Version 12.00
# Visual Studio 15
VisualStudioVersion = 15.0.28307.489
MinimumVisualStudioVersion = 10.0.40219.1
Project("{8BC9CEB8-8B4A-11D0-8D11-00A0C91BC942}") = "pe格式文件头格式分析工具", "pe格式文件头格式分析工具\pe格式文件头格式分析工具.vcxproj", "{374195AB-414D-4F97-A1E5-F2C0D315BF12}"
EndProject
Global
	GlobalSection(SolutionConfigurationPlatforms) = preSolution
		Debug|x64 = Debug|x64
		Debug|x86 = Debug|x86
		Release|x64 = Release|x64
		Release|x86 = Release|x86
	EndGlobalSection
	GlobalSection(ProjectConfigurationPlatforms) = postSolution
		{374195AB-414D-4F97-A1E5-F2C0D315BF12}.Debug|x64.ActiveCfg = Debug|x64
		{374195AB-414D-4F97-A1E5-F2C0D315BF12}.Debug|x64.Build.0 = Debug|x64
		{374195AB-414D-4F97-A1E5-F2C0D315BF12}.Debug|x86.ActiveCfg = Debug|Win32
		{374195AB-414D-4F97-A1E5-F2C0D315BF12}.Debug|x86.Build.0 = Debug|Win32
		{374195AB-414D-4F97-A1E5-F2C0D315BF12}.Release|x64.ActiveCfg = Release|x64
		{374195AB-414D-4F97-A1E5-F2C0D315BF12}.Release|x64.Build.0 = Release|x64
		{374195AB-414D-4F97-A1E5-F2C0D315BF12}.Release|x86.ActiveCfg = Release|Win32
		{374195AB-414D-4F97-A1E5-F2C0D315BF12}.Release|x86.Build.0 = Release|Win32
	EndGlobalSection
	GlobalSection(SolutionProperties) = preSolution
		HideSolutionNode = FALSE
	EndGlobalSection
	GlobalSection(ExtensibilityGlobals) = postSolution
		SolutionGuid = {1889309E-F0A1-464B-B122-6BE6A69888F1}
	EndGlobalSection
EndGlobal
